
Microsoft Visual Studio Solution File, Format Version 12.00
# Visual Studio Version 16
VisualStudioVersion = 16.0.32510.428
MinimumVisualStudioVersion = 10.0.40219.1
Project("{FAE04EC0-301F-11D3-BF4B-00C04F79EFBC}") = "MvcStok", "MvcStok\MvcStok.csproj", "{3272674C-A78B-47FD-A423-7D5F0DFAFB5D}"
EndProject
Global
	GlobalSection(SolutionConfigurationPlatforms) = preSolution
		Debug|Any CPU = Debug|Any CPU
		Release|Any CPU = Release|Any CPU
	EndGlobalSection
	GlobalSection(ProjectConfigurationPlatforms) = postSolution
		{3272674C-A78B-47FD-A423-7D5F0DFAFB5D}.Debug|Any CPU.ActiveCfg = Debug|Any CPU
		{3272674C-A78B-47FD-A423-7D5F0DFAFB5D}.Debug|Any CPU.Build.0 = Debug|Any CPU
		{3272674C-A78B-47FD-A423-7D5F0DFAFB5D}.Release|Any CPU.ActiveCfg = Release|Any CPU
		{3272674C-A78B-47FD-A423-7D5F0DFAFB5D}.Release|Any CPU.Build.0 = Release|Any CPU
	EndGlobalSection
	GlobalSection(SolutionProperties) = preSolution
		HideSolutionNode = FALSE
	EndGlobalSection
	GlobalSection(ExtensibilityGlobals) = postSolution
		SolutionGuid = {28E611BE-009F-42FF-8503-5B020B4989A9}
	EndGlobalSection
EndGlobal
